
Microsoft Visual Studio Solution File, Format Version 12.00
# Visual Studio 15
VisualStudioVersion = 15.0.27004.2009
MinimumVisualStudioVersion = 10.0.40219.1
Project("{FAE04EC0-301F-11D3-BF4B-00C04F79EFBC}") = "EF6xCodeFirst", "EF6xCodeFirst\EF6xCodeFirst.csproj", "{ED2B6D92-0E8A-4D36-A0F5-CFCC57328B3D}"
EndProject
Project("{FAE04EC0-301F-11D3-BF4B-00C04F79EFBC}") = "EF6xDatabaseFirst", "..\EF6xDatabaseFirst\EF6xDatabaseFirst.csproj", "{D25939AA-1974-43B4-BDF4-CCFDF2B9DA1A}"
EndProject
Global
	GlobalSection(SolutionConfigurationPlatforms) = preSolution
		Debug|Any CPU = Debug|Any CPU
		Release|Any CPU = Release|Any CPU
	EndGlobalSection
	GlobalSection(ProjectConfigurationPlatforms) = postSolution
		{ED2B6D92-0E8A-4D36-A0F5-CFCC57328B3D}.Debug|Any CPU.ActiveCfg = Debug|Any CPU
		{ED2B6D92-0E8A-4D36-A0F5-CFCC57328B3D}.Debug|Any CPU.Build.0 = Debug|Any CPU
		{ED2B6D92-0E8A-4D36-A0F5-CFCC57328B3D}.Release|Any CPU.ActiveCfg = Release|Any CPU
		{ED2B6D92-0E8A-4D36-A0F5-CFCC57328B3D}.Release|Any CPU.Build.0 = Release|Any CPU
		{D25939AA-1974-43B4-BDF4-CCFDF2B9DA1A}.Debug|Any CPU.ActiveCfg = Debug|Any CPU
		{D25939AA-1974-43B4-BDF4-CCFDF2B9DA1A}.Debug|Any CPU.Build.0 = Debug|Any CPU
		{D25939AA-1974-43B4-BDF4-CCFDF2B9DA1A}.Release|Any CPU.ActiveCfg = Release|Any CPU
		{D25939AA-1974-43B4-BDF4-CCFDF2B9DA1A}.Release|Any CPU.Build.0 = Release|Any CPU
	EndGlobalSection
	GlobalSection(SolutionProperties) = preSolution
		HideSolutionNode = FALSE
	EndGlobalSection
	GlobalSection(ExtensibilityGlobals) = postSolution
		SolutionGuid = {5F48559B-28A6-46D0-B049-85D07D8B22C4}
	EndGlobalSection
EndGlobal
